
Microsoft Visual Studio Solution File, Format Version 12.00
# Visual Studio Version 16
VisualStudioVersion = 16.0.30523.141
MinimumVisualStudioVersion = 10.0.40219.1
Project("{9A19103F-16F7-4668-BE54-9A1E7A4F7556}") = "Server", "NewServer\Server.csproj", "{EFFE9818-69F0-4472-8322-1AC3C9CD45E6}"
EndProject
Project("{FAE04EC0-301F-11D3-BF4B-00C04F79EFBC}") = "ServerTests", "ServerTests\ServerTests.csproj", "{7377D6F8-74DF-4AFA-9FBC-C8E8D79C2D68}"
EndProject
Global
	GlobalSection(SolutionConfigurationPlatforms) = preSolution
		Debug|Any CPU = Debug|Any CPU
		Release|Any CPU = Release|Any CPU
	EndGlobalSection
	GlobalSection(ProjectConfigurationPlatforms) = postSolution
		{EFFE9818-69F0-4472-8322-1AC3C9CD45E6}.Debug|Any CPU.ActiveCfg = Debug|Any CPU
		{EFFE9818-69F0-4472-8322-1AC3C9CD45E6}.Debug|Any CPU.Build.0 = Debug|Any CPU
		{EFFE9818-69F0-4472-8322-1AC3C9CD45E6}.Release|Any CPU.ActiveCfg = Release|Any CPU
		{EFFE9818-69F0-4472-8322-1AC3C9CD45E6}.Release|Any CPU.Build.0 = Release|Any CPU
		{7377D6F8-74DF-4AFA-9FBC-C8E8D79C2D68}.Debug|Any CPU.ActiveCfg = Debug|Any CPU
		{7377D6F8-74DF-4AFA-9FBC-C8E8D79C2D68}.Debug|Any CPU.Build.0 = Debug|Any CPU
		{7377D6F8-74DF-4AFA-9FBC-C8E8D79C2D68}.Release|Any CPU.ActiveCfg = Release|Any CPU
		{7377D6F8-74DF-4AFA-9FBC-C8E8D79C2D68}.Release|Any CPU.Build.0 = Release|Any CPU
	EndGlobalSection
	GlobalSection(SolutionProperties) = preSolution
		HideSolutionNode = FALSE
	EndGlobalSection
	GlobalSection(ExtensibilityGlobals) = postSolution
		SolutionGuid = {D33008E7-EA56-4A92-BE8B-6BFD369FF90A}
	EndGlobalSection
EndGlobal
