
Microsoft Visual Studio Solution File, Format Version 12.00
# Visual Studio Version 16
VisualStudioVersion = 16.0.30523.141
MinimumVisualStudioVersion = 10.0.40219.1
Project("{9A19103F-16F7-4668-BE54-9A1E7A4F7556}") = "Server", "NewServer\Server.csproj", "{EFFE9818-69F0-4472-8322-1AC3C9CD45E6}"
EndProject
Project("{9A19103F-16F7-4668-BE54-9A1E7A4F7556}") = "GameServer", "GameServer\GameServer.csproj", "{865A5AB5-DEF4-4352-870A-601E1827F7A0}"
EndProject
Project("{9A19103F-16F7-4668-BE54-9A1E7A4F7556}") = "Frontend", "Frontend\Frontend.csproj", "{8FAD9FCB-5483-44EF-B271-52574A754BBD}"
EndProject
Project("{9A19103F-16F7-4668-BE54-9A1E7A4F7556}") = "MatchFunction", "MatchFunction\MatchFunction.csproj", "{67513C3E-9F5F-4FAF-86E6-29224FCAAA19}"
EndProject
Project("{9A19103F-16F7-4668-BE54-9A1E7A4F7556}") = "Director", "Director\Director.csproj", "{C27524F4-05F5-4A42-BF5A-B7BD3924D2B8}"
EndProject
Project("{9A19103F-16F7-4668-BE54-9A1E7A4F7556}") = "Game", "Game\Game.csproj", "{F4AC4D90-F503-40CE-B4ED-FC237ABC8043}"
EndProject
Project("{9A19103F-16F7-4668-BE54-9A1E7A4F7556}") = "GameTests", "GameTests\GameTests.csproj", "{45E7A9C1-BD73-48E3-90CB-4B5661D644A2}"
EndProject
Project("{2150E333-8FDC-42A3-9474-1A3956D46DE8}") = "Solution Items", "Solution Items", "{CE12DA01-9BC7-4290-B97F-FC461AAEB4B2}"
	ProjectSection(SolutionItems) = preProject
		allocator_tls_cert.yaml = allocator_tls_cert.yaml
		selfsigned_clusterissuer.yaml = selfsigned_clusterissuer.yaml
	EndProjectSection
EndProject
Global
	GlobalSection(SolutionConfigurationPlatforms) = preSolution
		Debug|Any CPU = Debug|Any CPU
		Release|Any CPU = Release|Any CPU
	EndGlobalSection
	GlobalSection(ProjectConfigurationPlatforms) = postSolution
		{EFFE9818-69F0-4472-8322-1AC3C9CD45E6}.Debug|Any CPU.ActiveCfg = Debug|Any CPU
		{EFFE9818-69F0-4472-8322-1AC3C9CD45E6}.Debug|Any CPU.Build.0 = Debug|Any CPU
		{EFFE9818-69F0-4472-8322-1AC3C9CD45E6}.Release|Any CPU.ActiveCfg = Release|Any CPU
		{EFFE9818-69F0-4472-8322-1AC3C9CD45E6}.Release|Any CPU.Build.0 = Release|Any CPU
		{865A5AB5-DEF4-4352-870A-601E1827F7A0}.Debug|Any CPU.ActiveCfg = Debug|Any CPU
		{865A5AB5-DEF4-4352-870A-601E1827F7A0}.Debug|Any CPU.Build.0 = Debug|Any CPU
		{865A5AB5-DEF4-4352-870A-601E1827F7A0}.Release|Any CPU.ActiveCfg = Release|Any CPU
		{865A5AB5-DEF4-4352-870A-601E1827F7A0}.Release|Any CPU.Build.0 = Release|Any CPU
		{8FAD9FCB-5483-44EF-B271-52574A754BBD}.Debug|Any CPU.ActiveCfg = Debug|Any CPU
		{8FAD9FCB-5483-44EF-B271-52574A754BBD}.Debug|Any CPU.Build.0 = Debug|Any CPU
		{8FAD9FCB-5483-44EF-B271-52574A754BBD}.Release|Any CPU.ActiveCfg = Release|Any CPU
		{8FAD9FCB-5483-44EF-B271-52574A754BBD}.Release|Any CPU.Build.0 = Release|Any CPU
		{67513C3E-9F5F-4FAF-86E6-29224FCAAA19}.Debug|Any CPU.ActiveCfg = Debug|Any CPU
		{67513C3E-9F5F-4FAF-86E6-29224FCAAA19}.Debug|Any CPU.Build.0 = Debug|Any CPU
		{67513C3E-9F5F-4FAF-86E6-29224FCAAA19}.Release|Any CPU.ActiveCfg = Release|Any CPU
		{67513C3E-9F5F-4FAF-86E6-29224FCAAA19}.Release|Any CPU.Build.0 = Release|Any CPU
		{C27524F4-05F5-4A42-BF5A-B7BD3924D2B8}.Debug|Any CPU.ActiveCfg = Debug|Any CPU
		{C27524F4-05F5-4A42-BF5A-B7BD3924D2B8}.Debug|Any CPU.Build.0 = Debug|Any CPU
		{C27524F4-05F5-4A42-BF5A-B7BD3924D2B8}.Release|Any CPU.ActiveCfg = Release|Any CPU
		{C27524F4-05F5-4A42-BF5A-B7BD3924D2B8}.Release|Any CPU.Build.0 = Release|Any CPU
		{F4AC4D90-F503-40CE-B4ED-FC237ABC8043}.Debug|Any CPU.ActiveCfg = Debug|Any CPU
		{F4AC4D90-F503-40CE-B4ED-FC237ABC8043}.Debug|Any CPU.Build.0 = Debug|Any CPU
		{F4AC4D90-F503-40CE-B4ED-FC237ABC8043}.Release|Any CPU.ActiveCfg = Release|Any CPU
		{F4AC4D90-F503-40CE-B4ED-FC237ABC8043}.Release|Any CPU.Build.0 = Release|Any CPU
		{45E7A9C1-BD73-48E3-90CB-4B5661D644A2}.Debug|Any CPU.ActiveCfg = Debug|Any CPU
		{45E7A9C1-BD73-48E3-90CB-4B5661D644A2}.Debug|Any CPU.Build.0 = Debug|Any CPU
		{45E7A9C1-BD73-48E3-90CB-4B5661D644A2}.Release|Any CPU.ActiveCfg = Release|Any CPU
		{45E7A9C1-BD73-48E3-90CB-4B5661D644A2}.Release|Any CPU.Build.0 = Release|Any CPU
	EndGlobalSection
	GlobalSection(SolutionProperties) = preSolution
		HideSolutionNode = FALSE
	EndGlobalSection
	GlobalSection(ExtensibilityGlobals) = postSolution
		SolutionGuid = {D33008E7-EA56-4A92-BE8B-6BFD369FF90A}
	EndGlobalSection
EndGlobal
